// !$*UTF8*$!
{
	archiveVersion = 1;
	classes = {
	};
	objectVersion = 55;
	objects = {

/* Begin PBXBuildFile section */
		4E62F144285821A1004EAE83 /* AppDelegate.swift in Sources */ = {isa = PBXBuildFile; fileRef = 4E62F143285821A1004EAE83 /* AppDelegate.swift */; };
		4E62F146285821A1004EAE83 /* SceneDelegate.swift in Sources */ = {isa = PBXBuildFile; fileRef = 4E62F145285821A1004EAE83 /* SceneDelegate.swift */; };
		4E62F148285821A1004EAE83 /* RedViewController.swift in Sources */ = {isa = PBXBuildFile; fileRef = 4E62F147285821A1004EAE83 /* RedViewController.swift */; };
		4E62F14B285821A1004EAE83 /* Main.storyboard in Resources */ = {isa = PBXBuildFile; fileRef = 4E62F149285821A1004EAE83 /* Main.storyboard */; };
		4E62F14D285821A4004EAE83 /* Assets.xcassets in Resources */ = {isa = PBXBuildFile; fileRef = 4E62F14C285821A4004EAE83 /* Assets.xcassets */; };
		4E62F150285821A4004EAE83 /* LaunchScreen.storyboard in Resources */ = {isa = PBXBuildFile; fileRef = 4E62F14E285821A4004EAE83 /* LaunchScreen.storyboard */; };
		4E62F158285823FB004EAE83 /* YellowViewController.swift in Sources */ = {isa = PBXBuildFile; fileRef = 4E62F157285823FB004EAE83 /* YellowViewController.swift */; };
		4E62F15A2858240D004EAE83 /* GreenViewController.swift in Sources */ = {isa = PBXBuildFile; fileRef = 4E62F1592858240D004EAE83 /* GreenViewController.swift */; };
		4E62F15C2858241C004EAE83 /* BlueViewController.swift in Sources */ = {isa = PBXBuildFile; fileRef = 4E62F15B2858241C004EAE83 /* BlueViewController.swift */; };
		4E62F15E28582429004EAE83 /* PurpleViewController.swift in Sources */ = {isa = PBXBuildFile; fileRef = 4E62F15D28582429004EAE83 /* PurpleViewController.swift */; };
		F11ECBB028586D6500D9B0DE /* DetailRedController.swift in Sources */ = {isa = PBXBuildFile; fileRef = F11ECBAF28586D6400D9B0DE /* DetailRedController.swift */; };
/* End PBXBuildFile section */

/* Begin PBXFileReference section */
		4E62F140285821A1004EAE83 /* DayTwo.app */ = {isa = PBXFileReference; explicitFileType = wrapper.application; includeInIndex = 0; path = DayTwo.app; sourceTree = BUILT_PRODUCTS_DIR; };
		4E62F143285821A1004EAE83 /* AppDelegate.swift */ = {isa = PBXFileReference; lastKnownFileType = sourcecode.swift; path = AppDelegate.swift; sourceTree = "<group>"; };
		4E62F145285821A1004EAE83 /* SceneDelegate.swift */ = {isa = PBXFileReference; lastKnownFileType = sourcecode.swift; path = SceneDelegate.swift; sourceTree = "<group>"; };
		4E62F147285821A1004EAE83 /* RedViewController.swift */ = {isa = PBXFileReference; lastKnownFileType = sourcecode.swift; path = RedViewController.swift; sourceTree = "<group>"; };
		4E62F14A285821A1004EAE83 /* Base */ = {isa = PBXFileReference; lastKnownFileType = file.storyboard; name = Base; path = Base.lproj/Main.storyboard; sourceTree = "<group>"; };
		4E62F14C285821A4004EAE83 /* Assets.xcassets */ = {isa = PBXFileReference; lastKnownFileType = folder.assetcatalog; path = Assets.xcassets; sourceTree = "<group>"; };
		4E62F14F285821A4004EAE83 /* Base */ = {isa = PBXFileReference; lastKnownFileType = file.storyboard; name = Base; path = Base.lproj/LaunchScreen.storyboard; sourceTree = "<group>"; };
		4E62F151285821A4004EAE83 /* Info.plist */ = {isa = PBXFileReference; lastKnownFileType = text.plist.xml; path = Info.plist; sourceTree = "<group>"; };
		4E62F157285823FB004EAE83 /* YellowViewController.swift */ = {isa = PBXFileReference; lastKnownFileType = sourcecode.swift; path = YellowViewController.swift; sourceTree = "<group>"; };
		4E62F1592858240D004EAE83 /* GreenViewController.swift */ = {isa = PBXFileReference; lastKnownFileType = sourcecode.swift; path = GreenViewController.swift; sourceTree = "<group>"; };
		4E62F15B2858241C004EAE83 /* BlueViewController.swift */ = {isa = PBXFileReference; lastKnownFileType = sourcecode.swift; path = BlueViewController.swift; sourceTree = "<group>"; };
		4E62F15D28582429004EAE83 /* PurpleViewController.swift */ = {isa = PBXFileReference; lastKnownFileType = sourcecode.swift; path = PurpleViewController.swift; sourceTree = "<group>"; };
		F11ECBAF28586D6400D9B0DE /* DetailRedController.swift */ = {isa = PBXFileReference; lastKnownFileType = sourcecode.swift; path = DetailRedController.swift; sourceTree = "<group>"; };
/* End PBXFileReference section */

/* Begin PBXFrameworksBuildPhase section */
		4E62F13D285821A1004EAE83 /* Frameworks */ = {
			isa = PBXFrameworksBuildPhase;
			buildActionMask = 2147483647;
			files = (
			);
			runOnlyForDeploymentPostprocessing = 0;
		};
/* End PBXFrameworksBuildPhase section */

/* Begin PBXGroup section */
		4E62F137285821A1004EAE83 = {
			isa = PBXGroup;
			children = (
				4E62F142285821A1004EAE83 /* DayTwo */,
				4E62F141285821A1004EAE83 /* Products */,
			);
			sourceTree = "<group>";
		};
		4E62F141285821A1004EAE83 /* Products */ = {
			isa = PBXGroup;
			children = (
				4E62F140285821A1004EAE83 /* DayTwo.app */,
			);
			name = Products;
			sourceTree = "<group>";
		};
		4E62F142285821A1004EAE83 /* DayTwo */ = {
			isa = PBXGroup;
			children = (
				4E62F143285821A1004EAE83 /* AppDelegate.swift */,
				4E62F145285821A1004EAE83 /* SceneDelegate.swift */,
				4E62F147285821A1004EAE83 /* RedViewController.swift */,
				4E62F157285823FB004EAE83 /* YellowViewController.swift */,
				4E62F1592858240D004EAE83 /* GreenViewController.swift */,
				4E62F15B2858241C004EAE83 /* BlueViewController.swift */,
				4E62F15D28582429004EAE83 /* PurpleViewController.swift */,
				F11ECBAF28586D6400D9B0DE /* DetailRedController.swift */,
				4E62F149285821A1004EAE83 /* Main.storyboard */,
				4E62F14C285821A4004EAE83 /* Assets.xcassets */,
				4E62F14E285821A4004EAE83 /* LaunchScreen.storyboard */,
				4E62F151285821A4004EAE83 /* Info.plist */,
			);
			path = DayTwo;
			sourceTree = "<group>";
		};
/* End PBXGroup section */

/* Begin PBXNativeTarget section */
		4E62F13F285821A1004EAE83 /* DayTwo */ = {
			isa = PBXNativeTarget;
			buildConfigurationList = 4E62F154285821A4004EAE83 /* Build configuration list for PBXNativeTarget "DayTwo" */;
			buildPhases = (
				4E62F13C285821A1004EAE83 /* Sources */,
				4E62F13D285821A1004EAE83 /* Frameworks */,
				4E62F13E285821A1004EAE83 /* Resources */,
			);
			buildRules = (
			);
			dependencies = (
			);
			name = DayTwo;
			productName = DayTwo;
			productReference = 4E62F140285821A1004EAE83 /* DayTwo.app */;
			productType = "com.apple.product-type.application";
		};
/* End PBXNativeTarget section */

/* Begin PBXProject section */
		4E62F138285821A1004EAE83 /* Project object */ = {
			isa = PBXProject;
			attributes = {
				BuildIndependentTargetsInParallel = 1;
				LastSwiftUpdateCheck = 1330;
				LastUpgradeCheck = 1330;
				TargetAttributes = {
					4E62F13F285821A1004EAE83 = {
						CreatedOnToolsVersion = 13.3.1;
					};
				};
			};
			buildConfigurationList = 4E62F13B285821A1004EAE83 /* Build configuration list for PBXProject "DayTwo" */;
			compatibilityVersion = "Xcode 13.0";
			developmentRegion = en;
			hasScannedForEncodings = 0;
			knownRegions = (
				en,
				Base,
			);
			mainGroup = 4E62F137285821A1004EAE83;
			productRefGroup = 4E62F141285821A1004EAE83 /* Products */;
			projectDirPath = "";
			projectRoot = "";
			targets = (
				4E62F13F285821A1004EAE83 /* DayTwo */,
			);
		};
/* End PBXProject section */

/* Begin PBXResourcesBuildPhase section */
		4E62F13E285821A1004EAE83 /* Resources */ = {
			isa = PBXResourcesBuildPhase;
			buildActionMask = 2147483647;
			files = (
				4E62F150285821A4004EAE83 /* LaunchScreen.storyboard in Resources */,
				4E62F14D285821A4004EAE83 /* Assets.xcassets in Resources */,
				4E62F14B285821A1004EAE83 /* Main.storyboard in Resources */,
			);
			runOnlyForDeploymentPostprocessing = 0;
		};
/* End PBXResourcesBuildPhase section */

/* Begin PBXSourcesBuildPhase section */
		4E62F13C285821A1004EAE83 /* Sources */ = {
			isa = PBXSourcesBuildPhase;
			buildActionMask = 2147483647;
			files = (
				4E62F158285823FB004EAE83 /* YellowViewController.swift in Sources */,
				4E62F148285821A1004EAE83 /* RedViewController.swift in Sources */,
				4E62F15E28582429004EAE83 /* PurpleViewController.swift in Sources */,
				4E62F144285821A1004EAE83 /* AppDelegate.swift in Sources */,
				4E62F146285821A1004EAE83 /* SceneDelegate.swift in Sources */,
				4E62F15C2858241C004EAE83 /* BlueViewController.swift in Sources */,
				F11ECBB028586D6500D9B0DE /* DetailRedController.swift in Sources */,
				4E62F15A2858240D004EAE83 /* GreenViewController.swift in Sources */,
			);
			runOnlyForDeploymentPostprocessing = 0;
		};
/* End PBXSourcesBuildPhase section */

/* Begin PBXVariantGroup section */
		4E62F149285821A1004EAE83 /* Main.storyboard */ = {
			isa = PBXVariantGroup;
			children = (
				4E62F14A285821A1004EAE83 /* Base */,
			);
			name = Main.storyboard;
			sourceTree = "<group>";
		};
		4E62F14E285821A4004EAE83 /* LaunchScreen.storyboard */ = {
			isa = PBXVariantGroup;
			children = (
				4E62F14F285821A4004EAE83 /* Base */,
			);
			name = LaunchScreen.storyboard;
			sourceTree = "<group>";
		};
/* End PBXVariantGroup section */

/* Begin XCBuildConfiguration section */
		4E62F152285821A4004EAE83 /* Debug */ = {
			isa = XCBuildConfiguration;
			buildSettings = {
				ALWAYS_SEARCH_USER_PATHS = NO;
				CLANG_ANALYZER_NONNULL = YES;
				CLANG_ANALYZER_NUMBER_OBJECT_CONVERSION = YES_AGGRESSIVE;
				CLANG_CXX_LANGUAGE_STANDARD = "gnu++17";
				CLANG_ENABLE_MODULES = YES;
				CLANG_ENABLE_OBJC_ARC = YES;
				CLANG_ENABLE_OBJC_WEAK = YES;
				CLANG_WARN_BLOCK_CAPTURE_AUTORELEASING = YES;
				CLANG_WARN_BOOL_CONVERSION = YES;
				CLANG_WARN_COMMA = YES;
				CLANG_WARN_CONSTANT_CONVERSION = YES;
				CLANG_WARN_DEPRECATED_OBJC_IMPLEMENTATIONS = YES;
				CLANG_WARN_DIRECT_OBJC_ISA_USAGE = YES_ERROR;
				CLANG_WARN_DOCUMENTATION_COMMENTS = YES;
				CLANG_WARN_EMPTY_BODY = YES;
				CLANG_WARN_ENUM_CONVERSION = YES;
				CLANG_WARN_INFINITE_RECURSION = YES;
				CLANG_WARN_INT_CONVERSION = YES;
				CLANG_WARN_NON_LITERAL_NULL_CONVERSION = YES;
				CLANG_WARN_OBJC_IMPLICIT_RETAIN_SELF = YES;
				CLANG_WARN_OBJC_LITERAL_CONVERSION = YES;
				CLANG_WARN_OBJC_ROOT_CLASS = YES_ERROR;
				CLANG_WARN_QUOTED_INCLUDE_IN_FRAMEWORK_HEADER = YES;
				CLANG_WARN_RANGE_LOOP_ANALYSIS = YES;
				CLANG_WARN_STRICT_PROTOTYPES = YES;
				CLANG_WARN_SUSPICIOUS_MOVE = YES;
				CLANG_WARN_UNGUARDED_AVAILABILITY = YES_AGGRESSIVE;
				CLANG_WARN_UNREACHABLE_CODE = YES;
				CLANG_WARN__DUPLICATE_METHOD_MATCH = YES;
				COPY_PHASE_STRIP = NO;
				DEBUG_INFORMATION_FORMAT = dwarf;
				ENABLE_STRICT_OBJC_MSGSEND = YES;
				ENABLE_TESTABILITY = YES;
				GCC_C_LANGUAGE_STANDARD = gnu11;
				GCC_DYNAMIC_NO_PIC = NO;
				GCC_NO_COMMON_BLOCKS = YES;
				GCC_OPTIMIZATION_LEVEL = 0;
				GCC_PREPROCESSOR_DEFINITIONS = (
					"DEBUG=1",
					"$(inherited)",
				);
				GCC_WARN_64_TO_32_BIT_CONVERSION = YES;
				GCC_WARN_ABOUT_RETURN_TYPE = YES_ERROR;
				GCC_WARN_UNDECLARED_SELECTOR = YES;
				GCC_WARN_UNINITIALIZED_AUTOS = YES_AGGRESSIVE;
				GCC_WARN_UNUSED_FUNCTION = YES;
				GCC_WARN_UNUSED_VARIABLE = YES;
				IPHONEOS_DEPLOYMENT_TARGET = 15.4;
				MTL_ENABLE_DEBUG_INFO = INCLUDE_SOURCE;
				MTL_FAST_MATH = YES;
				ONLY_ACTIVE_ARCH = YES;
				SDKROOT = iphoneos;
				SWIFT_ACTIVE_COMPILATION_CONDITIONS = DEBUG;
				SWIFT_OPTIMIZATION_LEVEL = "-Onone";
			};
			name = Debug;
		};
		4E62F153285821A4004EAE83 /* Release */ = {
			isa = XCBuildConfiguration;
			buildSettings = {
				ALWAYS_SEARCH_USER_PATHS = NO;
				CLANG_ANALYZER_NONNULL = YES;
				CLANG_ANALYZER_NUMBER_OBJECT_CONVERSION = YES_AGGRESSIVE;
				CLANG_CXX_LANGUAGE_STANDARD = "gnu++17";
				CLANG_ENABLE_MODULES = YES;
				CLANG_ENABLE_OBJC_ARC = YES;
				CLANG_ENABLE_OBJC_WEAK = YES;
				CLANG_WARN_BLOCK_CAPTURE_AUTORELEASING = YES;
				CLANG_WARN_BOOL_CONVERSION = YES;
				CLANG_WARN_COMMA = YES;
				CLANG_WARN_CONSTANT_CONVERSION = YES;
				CLANG_WARN_DEPRECATED_OBJC_IMPLEMENTATIONS = YES;
				CLANG_WARN_DIRECT_OBJC_ISA_USAGE = YES_ERROR;
				CLANG_WARN_DOCUMENTATION_COMMENTS = YES;
				CLANG_WARN_EMPTY_BODY = YES;
				CLANG_WARN_ENUM_CONVERSION = YES;
				CLANG_WARN_INFINITE_RECURSION = YES;
				CLANG_WARN_INT_CONVERSION = YES;
				CLANG_WARN_NON_LITERAL_NULL_CONVERSION = YES;
				CLANG_WARN_OBJC_IMPLICIT_RETAIN_SELF = YES;
				CLANG_WARN_OBJC_LITERAL_CONVERSION = YES;
				CLANG_WARN_OBJC_ROOT_CLASS = YES_ERROR;
				CLANG_WARN_QUOTED_INCLUDE_IN_FRAMEWORK_HEADER = YES;
				CLANG_WARN_RANGE_LOOP_ANALYSIS = YES;
				CLANG_WARN_STRICT_PROTOTYPES = YES;
				CLANG_WARN_SUSPICIOUS_MOVE = YES;
				CLANG_WARN_UNGUARDED_AVAILABILITY = YES_AGGRESSIVE;
				CLANG_WARN_UNREACHABLE_CODE = YES;
				CLANG_WARN__DUPLICATE_METHOD_MATCH = YES;
				COPY_PHASE_STRIP = NO;
				DEBUG_INFORMATION_FORMAT = "dwarf-with-dsym";
				ENABLE_NS_ASSERTIONS = NO;
				ENABLE_STRICT_OBJC_MSGSEND = YES;
				GCC_C_LANGUAGE_STANDARD = gnu11;
				GCC_NO_COMMON_BLOCKS = YES;
				GCC_WARN_64_TO_32_BIT_CONVERSION = YES;
				GCC_WARN_ABOUT_RETURN_TYPE = YES_ERROR;
				GCC_WARN_UNDECLARED_SELECTOR = YES;
				GCC_WARN_UNINITIALIZED_AUTOS = YES_AGGRESSIVE;
				GCC_WARN_UNUSED_FUNCTION = YES;
				GCC_WARN_UNUSED_VARIABLE = YES;
				IPHONEOS_DEPLOYMENT_TARGET = 15.4;
				MTL_ENABLE_DEBUG_INFO = NO;
				MTL_FAST_MATH = YES;
				SDKROOT = iphoneos;
				SWIFT_COMPILATION_MODE = wholemodule;
				SWIFT_OPTIMIZATION_LEVEL = "-O";
				VALIDATE_PRODUCT = YES;
			};
			name = Release;
		};
		4E62F155285821A4004EAE83 /* Debug */ = {
			isa = XCBuildConfiguration;
			buildSettings = {
				ASSETCATALOG_COMPILER_APPICON_NAME = AppIcon;
				ASSETCATALOG_COMPILER_GLOBAL_ACCENT_COLOR_NAME = AccentColor;
				CODE_SIGN_STYLE = Automatic;
				CURRENT_PROJECT_VERSION = 1;
				GENERATE_INFOPLIST_FILE = YES;
				INFOPLIST_FILE = DayTwo/Info.plist;
				INFOPLIST_KEY_UIApplicationSupportsIndirectInputEvents = YES;
				INFOPLIST_KEY_UILaunchStoryboardName = LaunchScreen;
				INFOPLIST_KEY_UIMainStoryboardFile = Main;
				INFOPLIST_KEY_UISupportedInterfaceOrientations_iPad = "UIInterfaceOrientationPortrait UIInterfaceOrientationPortraitUpsideDown UIInterfaceOrientationLandscapeLeft UIInterfaceOrientationLandscapeRight";
				INFOPLIST_KEY_UISupportedInterfaceOrientations_iPhone = "UIInterfaceOrientationPortrait UIInterfaceOrientationLandscapeLeft UIInterfaceOrientationLandscapeRight";
				LD_RUNPATH_SEARCH_PATHS = (
					"$(inherited)",
					"@executable_path/Frameworks",
				);
				MARKETING_VERSION = 1.0;
				PRODUCT_BUNDLE_IDENTIFIER = com.ocbcnisp.DayTwo;
				PRODUCT_NAME = "$(TARGET_NAME)";
				SWIFT_EMIT_LOC_STRINGS = YES;
				SWIFT_VERSION = 5.0;
				TARGETED_DEVICE_FAMILY = "1,2";
			};
			name = Debug;
		};
		4E62F156285821A4004EAE83 /* Release */ = {
			isa = XCBuildConfiguration;
			buildSettings = {
				ASSETCATALOG_COMPILER_APPICON_NAME = AppIcon;
				ASSETCATALOG_COMPILER_GLOBAL_ACCENT_COLOR_NAME = AccentColor;
				CODE_SIGN_STYLE = Automatic;
				CURRENT_PROJECT_VERSION = 1;
				GENERATE_INFOPLIST_FILE = YES;
				INFOPLIST_FILE = DayTwo/Info.plist;
				INFOPLIST_KEY_UIApplicationSupportsIndirectInputEvents = YES;
				INFOPLIST_KEY_UILaunchStoryboardName = LaunchScreen;
				INFOPLIST_KEY_UIMainStoryboardFile = Main;
				INFOPLIST_KEY_UISupportedInterfaceOrientations_iPad = "UIInterfaceOrientationPortrait UIInterfaceOrientationPortraitUpsideDown UIInterfaceOrientationLandscapeLeft UIInterfaceOrientationLandscapeRight";
				INFOPLIST_KEY_UISupportedInterfaceOrientations_iPhone = "UIInterfaceOrientationPortrait UIInterfaceOrientationLandscapeLeft UIInterfaceOrientationLandscapeRight";
				LD_RUNPATH_SEARCH_PATHS = (
					"$(inherited)",
					"@executable_path/Frameworks",
				);
				MARKETING_VERSION = 1.0;
				PRODUCT_BUNDLE_IDENTIFIER = com.ocbcnisp.DayTwo;
				PRODUCT_NAME = "$(TARGET_NAME)";
				SWIFT_EMIT_LOC_STRINGS = YES;
				SWIFT_VERSION = 5.0;
				TARGETED_DEVICE_FAMILY = "1,2";
			};
			name = Release;
		};
/* End XCBuildConfiguration section */

/* Begin XCConfigurationList section */
		4E62F13B285821A1004EAE83 /* Build configuration list for PBXProject "DayTwo" */ = {
			isa = XCConfigurationList;
			buildConfigurations = (
				4E62F152285821A4004EAE83 /* Debug */,
				4E62F153285821A4004EAE83 /* Release */,
			);
			defaultConfigurationIsVisible = 0;
			defaultConfigurationName = Release;
		};
		4E62F154285821A4004EAE83 /* Build configuration list for PBXNativeTarget "DayTwo" */ = {
			isa = XCConfigurationList;
			buildConfigurations = (
				4E62F155285821A4004EAE83 /* Debug */,
				4E62F156285821A4004EAE83 /* Release */,
			);
			defaultConfigurationIsVisible = 0;
			defaultConfigurationName = Release;
		};
/* End XCConfigurationList section */
	};
	rootObject = 4E62F138285821A1004EAE83 /* Project object */;
}
